
Microsoft Visual Studio Solution File, Format Version 12.00
# Visual Studio Version 17
VisualStudioVersion = 17.7.34221.43
MinimumVisualStudioVersion = 10.0.40219.1
Project("{2150E333-8FDC-42A3-9474-1A3956D46DE8}") = "Building Blocks", "Building Blocks", "{555744C5-97FA-4AE4-AA44-03FB67962139}"
EndProject
Project("{2150E333-8FDC-42A3-9474-1A3956D46DE8}") = "src", "src", "{C31FDFC7-DC62-493E-9394-72AA903CC851}"
EndProject
Project("{2150E333-8FDC-42A3-9474-1A3956D46DE8}") = "Services", "Services", "{D60B4B6D-3D30-4F13-B359-E7718FD60032}"
EndProject
Project("{2150E333-8FDC-42A3-9474-1A3956D46DE8}") = "Web", "Web", "{F674DF19-A89A-4A6E-A7F6-5E34E65D68F4}"
EndProject
Project("{2150E333-8FDC-42A3-9474-1A3956D46DE8}") = "Identidade", "Identidade", "{0B40131D-714A-4DD9-863F-44802EBC0E7B}"
EndProject
Project("{2150E333-8FDC-42A3-9474-1A3956D46DE8}") = "MVC", "MVC", "{C0088D21-425E-442E-9D79-3405A871B23A}"
EndProject
Project("{FAE04EC0-301F-11D3-BF4B-00C04F79EFBC}") = "NSE.WebApp.MVC", "src\web\NSE.WebApp.MVC\NSE.WebApp.MVC.csproj", "{D82A415F-F0AD-41F4-84E9-FBAFC70E2F83}"
EndProject
Project("{2150E333-8FDC-42A3-9474-1A3956D46DE8}") = "Core", "Core", "{4A7133D6-7F26-4379-8952-D09260374012}"
EndProject
Project("{FAE04EC0-301F-11D3-BF4B-00C04F79EFBC}") = "NSE.Core", "src\building blocks\NSE.Core\NSE.Core.csproj", "{ED0C1D2D-9A61-43E7-9D48-FC6CE7CEB4A4}"
EndProject
Project("{FAE04EC0-301F-11D3-BF4B-00C04F79EFBC}") = "NSE.Identidade.API", "src\services\NSE.Identidade.API\NSE.Identidade.API.csproj", "{5A00F94F-88EB-47C3-9879-0221C28FB784}"
EndProject
Project("{FAE04EC0-301F-11D3-BF4B-00C04F79EFBC}") = "NSE.Catalogo.API", "src\services\NSE.Catalogo.API\NSE.Catalogo.API.csproj", "{EF1FE319-0C08-4F12-80EE-0146A75126A6}"
EndProject
Project("{FAE04EC0-301F-11D3-BF4B-00C04F79EFBC}") = "NSE.Carrinho.API", "src\services\NSE.Carrinho.API\NSE.Carrinho.API.csproj", "{556AB538-4F79-45BC-BEAF-B3D9E46317E4}"
EndProject
Project("{FAE04EC0-301F-11D3-BF4B-00C04F79EFBC}") = "NSE.Cliente.API", "src\services\NSE.Cliente.API\NSE.Cliente.API.csproj", "{EB0C82D9-1E4B-4FCF-89F4-8A0B39F148AF}"
EndProject
Project("{FAE04EC0-301F-11D3-BF4B-00C04F79EFBC}") = "NSE.Pagamento.API", "src\services\NSE.Pagamento.API\NSE.Pagamento.API.csproj", "{376371AD-F928-454A-B93E-E980CC3B2B73}"
EndProject
Project("{FAE04EC0-301F-11D3-BF4B-00C04F79EFBC}") = "NSE.Pedido.API", "src\services\NSE.Pedido.API\NSE.Pedido.API.csproj", "{93557EED-EDFF-4B11-972A-F15DF8AB9D21}"
EndProject
Global
	GlobalSection(SolutionConfigurationPlatforms) = preSolution
		Debug|Any CPU = Debug|Any CPU
		Release|Any CPU = Release|Any CPU
	EndGlobalSection
	GlobalSection(ProjectConfigurationPlatforms) = postSolution
		{D82A415F-F0AD-41F4-84E9-FBAFC70E2F83}.Debug|Any CPU.ActiveCfg = Debug|Any CPU
		{D82A415F-F0AD-41F4-84E9-FBAFC70E2F83}.Debug|Any CPU.Build.0 = Debug|Any CPU
		{D82A415F-F0AD-41F4-84E9-FBAFC70E2F83}.Release|Any CPU.ActiveCfg = Release|Any CPU
		{D82A415F-F0AD-41F4-84E9-FBAFC70E2F83}.Release|Any CPU.Build.0 = Release|Any CPU
		{ED0C1D2D-9A61-43E7-9D48-FC6CE7CEB4A4}.Debug|Any CPU.ActiveCfg = Debug|Any CPU
		{ED0C1D2D-9A61-43E7-9D48-FC6CE7CEB4A4}.Debug|Any CPU.Build.0 = Debug|Any CPU
		{ED0C1D2D-9A61-43E7-9D48-FC6CE7CEB4A4}.Release|Any CPU.ActiveCfg = Release|Any CPU
		{ED0C1D2D-9A61-43E7-9D48-FC6CE7CEB4A4}.Release|Any CPU.Build.0 = Release|Any CPU
		{5A00F94F-88EB-47C3-9879-0221C28FB784}.Debug|Any CPU.ActiveCfg = Debug|Any CPU
		{5A00F94F-88EB-47C3-9879-0221C28FB784}.Debug|Any CPU.Build.0 = Debug|Any CPU
		{5A00F94F-88EB-47C3-9879-0221C28FB784}.Release|Any CPU.ActiveCfg = Release|Any CPU
		{5A00F94F-88EB-47C3-9879-0221C28FB784}.Release|Any CPU.Build.0 = Release|Any CPU
		{EF1FE319-0C08-4F12-80EE-0146A75126A6}.Debug|Any CPU.ActiveCfg = Debug|Any CPU
		{EF1FE319-0C08-4F12-80EE-0146A75126A6}.Debug|Any CPU.Build.0 = Debug|Any CPU
		{EF1FE319-0C08-4F12-80EE-0146A75126A6}.Release|Any CPU.ActiveCfg = Release|Any CPU
		{EF1FE319-0C08-4F12-80EE-0146A75126A6}.Release|Any CPU.Build.0 = Release|Any CPU
		{556AB538-4F79-45BC-BEAF-B3D9E46317E4}.Debug|Any CPU.ActiveCfg = Debug|Any CPU
		{556AB538-4F79-45BC-BEAF-B3D9E46317E4}.Debug|Any CPU.Build.0 = Debug|Any CPU
		{556AB538-4F79-45BC-BEAF-B3D9E46317E4}.Release|Any CPU.ActiveCfg = Release|Any CPU
		{556AB538-4F79-45BC-BEAF-B3D9E46317E4}.Release|Any CPU.Build.0 = Release|Any CPU
		{EB0C82D9-1E4B-4FCF-89F4-8A0B39F148AF}.Debug|Any CPU.ActiveCfg = Debug|Any CPU
		{EB0C82D9-1E4B-4FCF-89F4-8A0B39F148AF}.Debug|Any CPU.Build.0 = Debug|Any CPU
		{EB0C82D9-1E4B-4FCF-89F4-8A0B39F148AF}.Release|Any CPU.ActiveCfg = Release|Any CPU
		{EB0C82D9-1E4B-4FCF-89F4-8A0B39F148AF}.Release|Any CPU.Build.0 = Release|Any CPU
		{376371AD-F928-454A-B93E-E980CC3B2B73}.Debug|Any CPU.ActiveCfg = Debug|Any CPU
		{376371AD-F928-454A-B93E-E980CC3B2B73}.Debug|Any CPU.Build.0 = Debug|Any CPU
		{376371AD-F928-454A-B93E-E980CC3B2B73}.Release|Any CPU.ActiveCfg = Release|Any CPU
		{376371AD-F928-454A-B93E-E980CC3B2B73}.Release|Any CPU.Build.0 = Release|Any CPU
		{93557EED-EDFF-4B11-972A-F15DF8AB9D21}.Debug|Any CPU.ActiveCfg = Debug|Any CPU
		{93557EED-EDFF-4B11-972A-F15DF8AB9D21}.Debug|Any CPU.Build.0 = Debug|Any CPU
		{93557EED-EDFF-4B11-972A-F15DF8AB9D21}.Release|Any CPU.ActiveCfg = Release|Any CPU
		{93557EED-EDFF-4B11-972A-F15DF8AB9D21}.Release|Any CPU.Build.0 = Release|Any CPU
	EndGlobalSection
	GlobalSection(SolutionProperties) = preSolution
		HideSolutionNode = FALSE
	EndGlobalSection
	GlobalSection(NestedProjects) = preSolution
		{555744C5-97FA-4AE4-AA44-03FB67962139} = {C31FDFC7-DC62-493E-9394-72AA903CC851}
		{D60B4B6D-3D30-4F13-B359-E7718FD60032} = {C31FDFC7-DC62-493E-9394-72AA903CC851}
		{F674DF19-A89A-4A6E-A7F6-5E34E65D68F4} = {C31FDFC7-DC62-493E-9394-72AA903CC851}
		{0B40131D-714A-4DD9-863F-44802EBC0E7B} = {D60B4B6D-3D30-4F13-B359-E7718FD60032}
		{C0088D21-425E-442E-9D79-3405A871B23A} = {F674DF19-A89A-4A6E-A7F6-5E34E65D68F4}
		{D82A415F-F0AD-41F4-84E9-FBAFC70E2F83} = {C0088D21-425E-442E-9D79-3405A871B23A}
		{4A7133D6-7F26-4379-8952-D09260374012} = {555744C5-97FA-4AE4-AA44-03FB67962139}
		{ED0C1D2D-9A61-43E7-9D48-FC6CE7CEB4A4} = {4A7133D6-7F26-4379-8952-D09260374012}
		{5A00F94F-88EB-47C3-9879-0221C28FB784} = {0B40131D-714A-4DD9-863F-44802EBC0E7B}
		{EF1FE319-0C08-4F12-80EE-0146A75126A6} = {0B40131D-714A-4DD9-863F-44802EBC0E7B}
		{556AB538-4F79-45BC-BEAF-B3D9E46317E4} = {0B40131D-714A-4DD9-863F-44802EBC0E7B}
		{EB0C82D9-1E4B-4FCF-89F4-8A0B39F148AF} = {0B40131D-714A-4DD9-863F-44802EBC0E7B}
		{376371AD-F928-454A-B93E-E980CC3B2B73} = {0B40131D-714A-4DD9-863F-44802EBC0E7B}
		{93557EED-EDFF-4B11-972A-F15DF8AB9D21} = {0B40131D-714A-4DD9-863F-44802EBC0E7B}
	EndGlobalSection
	GlobalSection(ExtensibilityGlobals) = postSolution
		SolutionGuid = {F40066EA-3C4E-46D3-9756-6262EAF9547B}
	EndGlobalSection
EndGlobal
